
Microsoft Visual Studio Solution File, Format Version 12.00
# Visual Studio 14
VisualStudioVersion = 14.0.25420.1
MinimumVisualStudioVersion = 10.0.40219.1
Project("{2150E333-8FDC-42A3-9474-1A3956D46DE8}") = "net20", "net20", "{E13D8C4D-D152-4617-AA8F-6341F8444CB2}"
EndProject
Project("{2150E333-8FDC-42A3-9474-1A3956D46DE8}") = "net40", "net40", "{C7B97518-413D-40E1-81BF-74F5BF02C450}"
EndProject
Project("{2150E333-8FDC-42A3-9474-1A3956D46DE8}") = "net45", "net45", "{65D9482F-8F65-4B96-A048-CD360CCA5D6B}"
EndProject
Project("{2150E333-8FDC-42A3-9474-1A3956D46DE8}") = "proj", "proj", "{5E8EDEFC-B111-4B9E-BB85-E56B19401958}"
EndProject
Project("{2150E333-8FDC-42A3-9474-1A3956D46DE8}") = "src", "src", "{FDED02A5-69A4-4F3E-9F5A-474A3F84AC7D}"
EndProject
Project("{D954291E-2A0B-460D-934E-DC6B0785DB48}") = "Hprose", "src\Hprose\Hprose.shproj", "{48B521DB-C345-415B-9E7B-82FF051A5D71}"
EndProject
Project("{D954291E-2A0B-460D-934E-DC6B0785DB48}") = "System", "src\System\System.shproj", "{8C426614-DE9D-416B-9520-4EBC6FF804EC}"
EndProject
Project("{2150E333-8FDC-42A3-9474-1A3956D46DE8}") = "netmf", "netmf", "{715A621C-518A-46AF-A275-39BD7453C060}"
EndProject
Project("{2150E333-8FDC-42A3-9474-1A3956D46DE8}") = "sl40", "sl40", "{4D150F70-48EC-4CE3-8E1D-4B03BA69A842}"
EndProject
Project("{2150E333-8FDC-42A3-9474-1A3956D46DE8}") = "monoandroid", "monoandroid", "{DC9D224E-D62B-45F4-A63D-32129910E409}"
EndProject
Project("{2150E333-8FDC-42A3-9474-1A3956D46DE8}") = "xamarinios", "xamarinios", "{04E1CEA3-159F-4D7E-8F89-49423B9BFD53}"
EndProject
Project("{FAE04EC0-301F-11D3-BF4B-00C04F79EFBC}") = "Hprose-net20", "proj\net20\Hprose\Hprose-net20.csproj", "{F968CDDE-A10D-4194-9597-3045A1CAF4CA}"
EndProject
Project("{FAE04EC0-301F-11D3-BF4B-00C04F79EFBC}") = "Hprose.Client-net20", "proj\net20\Hprose.Client\Hprose.Client-net20.csproj", "{5ABDF719-6833-4154-A75B-0E3C83A66B2A}"
EndProject
Project("{2150E333-8FDC-42A3-9474-1A3956D46DE8}") = "net35", "net35", "{9A90D0C5-5C8F-494C-B008-4924175F1C21}"
EndProject
Project("{FAE04EC0-301F-11D3-BF4B-00C04F79EFBC}") = "Hprose-net35", "proj\net35\Hprose\Hprose-net35.csproj", "{28D559FF-62B2-4D7E-922E-68322401FCE9}"
EndProject
Project("{FAE04EC0-301F-11D3-BF4B-00C04F79EFBC}") = "Hprose.Client-net35", "proj\net35\Hprose.Client\Hprose.Client-net35.csproj", "{3404EE8C-AEAB-4383-A90B-2102BE6CBFC9}"
EndProject
Project("{2150E333-8FDC-42A3-9474-1A3956D46DE8}") = "net35-client", "net35-client", "{20E4F0C5-C643-4819-B4FD-CBB6AB6BDC5A}"
EndProject
Project("{FAE04EC0-301F-11D3-BF4B-00C04F79EFBC}") = "Hprose-net35-client", "proj\net35-client\Hprose\Hprose-net35-client.csproj", "{5F932A2B-AD48-4CFF-9F33-6B807484EA3D}"
EndProject
Project("{FAE04EC0-301F-11D3-BF4B-00C04F79EFBC}") = "Hprose.Client-net35-client", "proj\net35-client\Hprose.Client\Hprose.Client-net35-client.csproj", "{7B28BD03-0075-46F2-A2A6-5F5F8C1076CF}"
EndProject
Project("{FAE04EC0-301F-11D3-BF4B-00C04F79EFBC}") = "Hprose-net40", "proj\net40\Hprose\Hprose-net40.csproj", "{E1461D8B-444C-4CF8-99F8-FABDC41D309B}"
EndProject
Project("{FAE04EC0-301F-11D3-BF4B-00C04F79EFBC}") = "Hprose.Client-net40", "proj\net40\Hprose.Client\Hprose.Client-net40.csproj", "{13D9DE83-F073-429D-82E4-709F013077BD}"
EndProject
Project("{2150E333-8FDC-42A3-9474-1A3956D46DE8}") = "net40-client", "net40-client", "{E4071296-6AA6-4A3F-B9FA-AB0F2AB93355}"
EndProject
Project("{FAE04EC0-301F-11D3-BF4B-00C04F79EFBC}") = "Hprose-net40-client", "proj\net40-client\Hprose\Hprose-net40-client.csproj", "{38F32CCD-E877-4E11-B5CC-E651B188F444}"
EndProject
Project("{FAE04EC0-301F-11D3-BF4B-00C04F79EFBC}") = "Hprose.Client-net40-client", "proj\net40-client\Hprose.Client\Hprose.Client-net40-client.csproj", "{D32D5B6B-D75A-4A28-A179-7CCB79418F09}"
EndProject
Project("{FAE04EC0-301F-11D3-BF4B-00C04F79EFBC}") = "Hprose-net45", "proj\net45\Hprose\Hprose-net45.csproj", "{9EEC3E9A-1750-41F8-A8C4-BAC593DAFF33}"
EndProject
Project("{FAE04EC0-301F-11D3-BF4B-00C04F79EFBC}") = "Hprose.Client-net45", "proj\net45\Hprose.Client\Hprose.Client-net45.csproj", "{0EDB6534-1780-401F-B9E3-C24B24239835}"
EndProject
Project("{2150E333-8FDC-42A3-9474-1A3956D46DE8}") = "netcore45", "netcore45", "{A9E09410-799F-477D-923B-63CA110AAC19}"
EndProject
Project("{2150E333-8FDC-42A3-9474-1A3956D46DE8}") = "net451", "net451", "{CEA40417-E2B0-4CCA-983F-7141B4BC1B35}"
EndProject
Project("{FAE04EC0-301F-11D3-BF4B-00C04F79EFBC}") = "Hprose-net451", "proj\net451\Hprose\Hprose-net451.csproj", "{CFC2EB08-A6F1-40C2-9B67-BC40EE5BE229}"
EndProject
Project("{FAE04EC0-301F-11D3-BF4B-00C04F79EFBC}") = "Hprose.Client-net451", "proj\net451\Hprose.Client\Hprose.Client-net451.csproj", "{8B609C3A-BB9D-4FDF-8D7E-AE4D258709BA}"
EndProject
Project("{2150E333-8FDC-42A3-9474-1A3956D46DE8}") = "netcore451", "netcore451", "{939C94D6-F579-4EBA-9BB7-634C508BA8BE}"
EndProject
Project("{2150E333-8FDC-42A3-9474-1A3956D46DE8}") = "net452", "net452", "{82B380A7-9D50-4FE3-BACD-2C762D47516C}"
EndProject
Project("{FAE04EC0-301F-11D3-BF4B-00C04F79EFBC}") = "Hprose-net452", "proj\net452\Hprose\Hprose-net452.csproj", "{36254FA2-A437-41EE-AFC3-E2F2BAC124E6}"
EndProject
Project("{FAE04EC0-301F-11D3-BF4B-00C04F79EFBC}") = "Hprose.Client-net452", "proj\net452\Hprose.Client\Hprose.Client-net452.csproj", "{4F359DB6-9B45-4004-A568-790FB4ED7AFC}"
EndProject
Project("{2150E333-8FDC-42A3-9474-1A3956D46DE8}") = "net46", "net46", "{17B3E670-4A3D-4BE1-84FC-7F6DC4815F50}"
EndProject
Project("{2150E333-8FDC-42A3-9474-1A3956D46DE8}") = "net461", "net461", "{77674528-2AFD-419C-A3C3-D79DB42D840B}"
EndProject
Project("{2150E333-8FDC-42A3-9474-1A3956D46DE8}") = "net462", "net462", "{402134B4-228E-43C4-BF7E-26FB5975F87B}"
EndProject
Project("{FAE04EC0-301F-11D3-BF4B-00C04F79EFBC}") = "Hprose-net46", "proj\net46\Hprose\Hprose-net46.csproj", "{3EC34E1E-DAF5-4CA8-9DEE-B1F81203663B}"
EndProject
Project("{FAE04EC0-301F-11D3-BF4B-00C04F79EFBC}") = "Hprose.Client-net46", "proj\net46\Hprose.Client\Hprose.Client-net46.csproj", "{73CD6A7B-1401-4D8C-9608-310B046926DF}"
EndProject
Project("{FAE04EC0-301F-11D3-BF4B-00C04F79EFBC}") = "Hprose.Client-net461", "proj\net461\Hprose.Client\Hprose.Client-net461.csproj", "{10A83737-6B67-41B1-960F-F11661CDF779}"
EndProject
Project("{FAE04EC0-301F-11D3-BF4B-00C04F79EFBC}") = "Hprose-net461", "proj\net461\Hprose\Hprose-net461.csproj", "{F5E378CA-C245-43E7-865A-23BC8C1A6383}"
EndProject
Project("{FAE04EC0-301F-11D3-BF4B-00C04F79EFBC}") = "Hprose.Client-net462", "proj\net462\Hprose.Client\Hprose.Client-net462.csproj", "{3DC56B6F-C615-49B2-BB5F-5B46B5D4E2D8}"
EndProject
Project("{FAE04EC0-301F-11D3-BF4B-00C04F79EFBC}") = "Hprose-net462", "proj\net462\Hprose\Hprose-net462.csproj", "{4AACE6F3-91E0-44AE-B4A6-85C69BC3B24D}"
EndProject
Project("{FAE04EC0-301F-11D3-BF4B-00C04F79EFBC}") = "Hprose.Client-monoandroid", "proj\monoandroid\Hprose.Client\Hprose.Client-monoandroid.csproj", "{2875A185-EE3E-4584-B85E-01AFFAB5CE8D}"
EndProject
Project("{FAE04EC0-301F-11D3-BF4B-00C04F79EFBC}") = "Hprose-monoandroid", "proj\monoandroid\Hprose\Hprose-monoandroid.csproj", "{FCB740EE-1077-49C9-9281-C4E95D5116B0}"
EndProject
Project("{FAE04EC0-301F-11D3-BF4B-00C04F79EFBC}") = "Hprose.Client-xamarinios", "proj\xamarinios\Hprose.Client\Hprose.Client-xamarinios.csproj", "{86DD3957-F10D-433C-8CF8-83DC9284744C}"
EndProject
Project("{FAE04EC0-301F-11D3-BF4B-00C04F79EFBC}") = "Hprose-xamarinios", "proj\xamarinios\Hprose\Hprose-xamarinios.csproj", "{352DAAA0-C2E4-42A6-8F99-3055885F3909}"
EndProject
Project("{2150E333-8FDC-42A3-9474-1A3956D46DE8}") = "monotouch", "monotouch", "{672C2D56-01C1-4972-A661-406A9E55C0FF}"
EndProject
Project("{2150E333-8FDC-42A3-9474-1A3956D46DE8}") = "xamarintvos", "xamarintvos", "{6CC614E1-AD5A-4EC0-BD79-5C7C1D16BC98}"
EndProject
Project("{2150E333-8FDC-42A3-9474-1A3956D46DE8}") = "xamarinwatchos", "xamarinwatchos", "{CAED7828-5E6B-4F33-BCCE-C5A55F108976}"
EndProject
Project("{2150E333-8FDC-42A3-9474-1A3956D46DE8}") = "sl2", "sl2", "{9910F393-0E26-427E-B7A2-5AE13115752A}"
EndProject
Project("{2150E333-8FDC-42A3-9474-1A3956D46DE8}") = "sl30", "sl30", "{66072FD5-7954-47AE-B0A7-F64A16AB089D}"
EndProject
Project("{2150E333-8FDC-42A3-9474-1A3956D46DE8}") = "sl50", "sl50", "{14C0E3FA-08D8-4EA9-8B84-04708ADC0598}"
EndProject
Project("{2150E333-8FDC-42A3-9474-1A3956D46DE8}") = "sl3-wp", "sl3-wp", "{605F09D9-6DBB-4D62-8159-D197CFF1DE3C}"
EndProject
Project("{2150E333-8FDC-42A3-9474-1A3956D46DE8}") = "sl4-wp71", "sl4-wp71", "{E650F66E-0F80-4F4E-A2A7-6F8A201F3BB3}"
EndProject
Project("{2150E333-8FDC-42A3-9474-1A3956D46DE8}") = "wp8", "wp8", "{B30599D9-AB55-4CBC-A14F-CF5A42F92F77}"
EndProject
Project("{2150E333-8FDC-42A3-9474-1A3956D46DE8}") = "wp81", "wp81", "{549E570A-9B28-4C94-BB03-86462994F405}"
EndProject
Project("{2150E333-8FDC-42A3-9474-1A3956D46DE8}") = "wpa81", "wpa81", "{364C224C-5AF9-4181-9D64-489D167D9754}"
EndProject
Project("{2150E333-8FDC-42A3-9474-1A3956D46DE8}") = "net10-cf", "net10-cf", "{231A6DEF-4944-4299-A851-E759A8D448C9}"
EndProject
Project("{2150E333-8FDC-42A3-9474-1A3956D46DE8}") = "net20-cf", "net20-cf", "{74D81BBE-E79C-4D35-8055-89693599AAC2}"
EndProject
Project("{2150E333-8FDC-42A3-9474-1A3956D46DE8}") = "net35-cf", "net35-cf", "{8193B880-87C8-47E8-9D41-89959FC499B3}"
EndProject
Project("{2150E333-8FDC-42A3-9474-1A3956D46DE8}") = "net39-cf", "net39-cf", "{E6248773-7DFA-4791-A130-5E6B49D3662A}"
EndProject
Project("{2150E333-8FDC-42A3-9474-1A3956D46DE8}") = "mono", "mono", "{FFB0D695-A80E-42F4-A5EE-3397B8CE082C}"
EndProject
Project("{2150E333-8FDC-42A3-9474-1A3956D46DE8}") = "mono20", "mono20", "{8A3CF26A-D57D-4998-972A-37DF84FE3D86}"
EndProject
Project("{2150E333-8FDC-42A3-9474-1A3956D46DE8}") = "mono35", "mono35", "{E5388F9B-8D1D-424D-ACF1-1A5F970D7B95}"
EndProject
Project("{2150E333-8FDC-42A3-9474-1A3956D46DE8}") = "mono40", "mono40", "{52611F72-E6AB-4287-A20A-689DE9FBA368}"
EndProject
Project("{2150E333-8FDC-42A3-9474-1A3956D46DE8}") = "mono45", "mono45", "{CC34D2E9-1D7A-4FA6-A60E-1CFF0DE9A70F}"
EndProject
Project("{2150E333-8FDC-42A3-9474-1A3956D46DE8}") = "unity", "unity", "{5A2F18A3-7E8E-41E2-A6A8-A73BFE224A5A}"
EndProject
Project("{2150E333-8FDC-42A3-9474-1A3956D46DE8}") = "unity-ios", "unity-ios", "{B4DBD899-BEEB-42C8-9DB2-86125AE813E9}"
EndProject
Project("{2150E333-8FDC-42A3-9474-1A3956D46DE8}") = "unity-web", "unity-web", "{E0A8043E-052D-4193-9E18-D749690106C4}"
EndProject
Project("{FAE04EC0-301F-11D3-BF4B-00C04F79EFBC}") = "Hprose.Client-netmf", "proj\netmf\Hprose.Client\Hprose.Client-netmf.csproj", "{6CE6F190-EB62-49DE-9D6F-00E1ABC5CF1B}"
EndProject
Project("{FAE04EC0-301F-11D3-BF4B-00C04F79EFBC}") = "Hprose-netmf", "proj\netmf\Hprose\Hprose-netmf.csproj", "{B6ED1F41-E2C9-4CEF-8F04-F9445A988C1D}"
EndProject
Project("{2150E333-8FDC-42A3-9474-1A3956D46DE8}") = "portable", "portable", "{467E3B58-92BC-48C0-A574-58E53D3DF24D}"
EndProject
Project("{2150E333-8FDC-42A3-9474-1A3956D46DE8}") = "profile151", "profile151", "{37C31CFB-33F6-4368-95E3-0BB6EA2F5DB9}"
EndProject
Project("{2150E333-8FDC-42A3-9474-1A3956D46DE8}") = "profile157", "profile157", "{838D35D2-78F1-490A-B6C1-EC0D5D2C06B1}"
EndProject
Project("{2150E333-8FDC-42A3-9474-1A3956D46DE8}") = "profile7", "profile7", "{14A475B9-0DB2-494E-9F2C-88B9ECA2311B}"
EndProject
Project("{2150E333-8FDC-42A3-9474-1A3956D46DE8}") = "profile49", "profile49", "{1F874B35-0940-4505-BFD7-CC0846B7E2EC}"
EndProject
Project("{2150E333-8FDC-42A3-9474-1A3956D46DE8}") = "profile78", "profile78", "{083E8F40-73F6-41C4-BB7C-F024248032AF}"
EndProject
Project("{2150E333-8FDC-42A3-9474-1A3956D46DE8}") = "profile111", "profile111", "{E35531CB-7592-4B8E-B60C-CBB9EF9E11C0}"
EndProject
Project("{2150E333-8FDC-42A3-9474-1A3956D46DE8}") = "profile259", "profile259", "{FCB4CB13-4660-43A2-A41C-AA63B201F853}"
EndProject
Project("{2150E333-8FDC-42A3-9474-1A3956D46DE8}") = "profile2", "profile2", "{8770327B-5AE2-45FF-997B-37FF789CCD7C}"
EndProject
Project("{2150E333-8FDC-42A3-9474-1A3956D46DE8}") = "profile3", "profile3", "{582A75EA-7A55-4CE5-B574-064B51563412}"
EndProject
Project("{2150E333-8FDC-42A3-9474-1A3956D46DE8}") = "profile4", "profile4", "{E46C7FF4-6AC9-4B17-BEA7-1CB29A0CCB47}"
EndProject
Project("{2150E333-8FDC-42A3-9474-1A3956D46DE8}") = "profile5", "profile5", "{CE22292F-5FAF-4463-881A-FCDBD9BE89AD}"
EndProject
Project("{2150E333-8FDC-42A3-9474-1A3956D46DE8}") = "profile6", "profile6", "{C59EFE0D-AA6B-4866-B0E3-CBADDE093302}"
EndProject
Project("{2150E333-8FDC-42A3-9474-1A3956D46DE8}") = "profile14", "profile14", "{A4E9FE18-A2CE-42D3-A8CF-B94342DF6675}"
EndProject
Project("{2150E333-8FDC-42A3-9474-1A3956D46DE8}") = "profile18", "profile18", "{89FDC945-2290-4BC5-A935-EBF4D4E6E003}"
EndProject
Project("{2150E333-8FDC-42A3-9474-1A3956D46DE8}") = "profile19", "profile19", "{DE62DE7E-457A-4E2A-8C23-1E5DBFE5E132}"
EndProject
Project("{2150E333-8FDC-42A3-9474-1A3956D46DE8}") = "profile23", "profile23", "{AEA12C63-72FC-460A-A4DC-8A9FF6F4CF34}"
EndProject
Project("{2150E333-8FDC-42A3-9474-1A3956D46DE8}") = "profile24", "profile24", "{BB6E291E-946C-4D8A-893A-CBDD6CCA9B98}"
EndProject
Project("{2150E333-8FDC-42A3-9474-1A3956D46DE8}") = "profile36", "profile36", "{444F1ACF-73B7-4361-8600-98ACE714211B}"
EndProject
Project("{2150E333-8FDC-42A3-9474-1A3956D46DE8}") = "profile37", "profile37", "{72863955-94DF-4B40-8897-1737F53CC499}"
EndProject
Project("{2150E333-8FDC-42A3-9474-1A3956D46DE8}") = "profile41", "profile41", "{9375BC19-FA2C-48DA-91E4-EA54E0C96200}"
EndProject
Project("{2150E333-8FDC-42A3-9474-1A3956D46DE8}") = "profile42", "profile42", "{FDE94895-CDC5-48CE-BA35-EB69FE298E21}"
EndProject
Project("{2150E333-8FDC-42A3-9474-1A3956D46DE8}") = "profile46", "profile46", "{7E2C4A47-E923-4EAB-9987-868DB0A3EE45}"
EndProject
Project("{2150E333-8FDC-42A3-9474-1A3956D46DE8}") = "profile47", "profile47", "{422D7FCD-040C-407E-857B-D9CC5E765BC4}"
EndProject
Project("{2150E333-8FDC-42A3-9474-1A3956D46DE8}") = "profile88", "profile88", "{6172CF6B-6E0C-49AB-B933-B9A833919015}"
EndProject
Project("{2150E333-8FDC-42A3-9474-1A3956D46DE8}") = "profile92", "profile92", "{96F9F144-9BA6-43FB-BFAD-AAB902A3D734}"
EndProject
Project("{2150E333-8FDC-42A3-9474-1A3956D46DE8}") = "profile95", "profile95", "{005775B8-4A43-4CCE-93BE-5D25F5C39298}"
EndProject
Project("{2150E333-8FDC-42A3-9474-1A3956D46DE8}") = "profile96", "profile96", "{C753ECF9-950F-48AD-B1A2-7E211CA506E8}"
EndProject
Project("{2150E333-8FDC-42A3-9474-1A3956D46DE8}") = "profile102", "profile102", "{7DDB4152-DA62-41EF-B48B-A3F96C68AF1C}"
EndProject
Project("{2150E333-8FDC-42A3-9474-1A3956D46DE8}") = "profile104", "profile104", "{F566D134-B66B-4789-BED3-942E6DB0BAB3}"
EndProject
Project("{2150E333-8FDC-42A3-9474-1A3956D46DE8}") = "profile136", "profile136", "{332BAEBB-9062-4BE1-9E9F-FCE17F105CD8}"
EndProject
Project("{2150E333-8FDC-42A3-9474-1A3956D46DE8}") = "profile143", "profile143", "{981AE83F-81BD-4A82-A200-215B031D3B88}"
EndProject
Project("{2150E333-8FDC-42A3-9474-1A3956D46DE8}") = "profile147", "profile147", "{75E23523-1DC6-4FCF-9596-55E08ED55634}"
EndProject
Project("{2150E333-8FDC-42A3-9474-1A3956D46DE8}") = "profile154", "profile154", "{2458E2A4-6A28-41D7-B084-03612CAB2912}"
EndProject
Project("{2150E333-8FDC-42A3-9474-1A3956D46DE8}") = "profile158", "profile158", "{B20C418A-C217-4667-8239-6D430E67CCCF}"
EndProject
Project("{2150E333-8FDC-42A3-9474-1A3956D46DE8}") = "profile225", "profile225", "{82C2087E-9F11-4EE6-9897-286C775E7FAB}"
EndProject
Project("{2150E333-8FDC-42A3-9474-1A3956D46DE8}") = "profile240", "profile240", "{691E31E1-CD0B-47F3-BC2E-1CAAE49BC966}"
EndProject
Project("{2150E333-8FDC-42A3-9474-1A3956D46DE8}") = "profile255", "profile255", "{EDC8DA41-598B-4DBA-A081-C1396877AB08}"
EndProject
Project("{2150E333-8FDC-42A3-9474-1A3956D46DE8}") = "profile328", "profile328", "{CB17CC21-1605-4A7A-9CBF-DF89A99F41ED}"
EndProject
Project("{2150E333-8FDC-42A3-9474-1A3956D46DE8}") = "profile336", "profile336", "{6A4EAD02-F6E8-4AD7-8146-6F7DE2CFEA52}"
EndProject
Project("{2150E333-8FDC-42A3-9474-1A3956D46DE8}") = "profile344", "profile344", "{271CE50E-97EC-4658-AFE7-B031E6383BF0}"
EndProject
Global
	GlobalSection(SharedMSBuildProjectFiles) = preSolution
		src\Hprose\Hprose.projitems*{0edb6534-1780-401f-b9e3-c24b24239835}*SharedItemsImports = 4
		src\System\System.projitems*{0edb6534-1780-401f-b9e3-c24b24239835}*SharedItemsImports = 4
		src\Hprose\Hprose.projitems*{10a83737-6b67-41b1-960f-f11661cdf779}*SharedItemsImports = 4
		src\System\System.projitems*{10a83737-6b67-41b1-960f-f11661cdf779}*SharedItemsImports = 4
		src\Hprose\Hprose.projitems*{13d9de83-f073-429d-82e4-709f013077bd}*SharedItemsImports = 4
		src\System\System.projitems*{13d9de83-f073-429d-82e4-709f013077bd}*SharedItemsImports = 4
		src\Hprose\Hprose.projitems*{2875a185-ee3e-4584-b85e-01affab5ce8d}*SharedItemsImports = 4
		src\System\System.projitems*{2875a185-ee3e-4584-b85e-01affab5ce8d}*SharedItemsImports = 4
		src\Hprose\Hprose.projitems*{28d559ff-62b2-4d7e-922e-68322401fce9}*SharedItemsImports = 4
		src\System\System.projitems*{28d559ff-62b2-4d7e-922e-68322401fce9}*SharedItemsImports = 4
		src\Hprose\Hprose.projitems*{3404ee8c-aeab-4383-a90b-2102be6cbfc9}*SharedItemsImports = 4
		src\System\System.projitems*{3404ee8c-aeab-4383-a90b-2102be6cbfc9}*SharedItemsImports = 4
		src\Hprose\Hprose.projitems*{352daaa0-c2e4-42a6-8f99-3055885f3909}*SharedItemsImports = 4
		src\System\System.projitems*{352daaa0-c2e4-42a6-8f99-3055885f3909}*SharedItemsImports = 4
		src\Hprose\Hprose.projitems*{36254fa2-a437-41ee-afc3-e2f2bac124e6}*SharedItemsImports = 4
		src\System\System.projitems*{36254fa2-a437-41ee-afc3-e2f2bac124e6}*SharedItemsImports = 4
		src\Hprose\Hprose.projitems*{38f32ccd-e877-4e11-b5cc-e651b188f444}*SharedItemsImports = 4
		src\System\System.projitems*{38f32ccd-e877-4e11-b5cc-e651b188f444}*SharedItemsImports = 4
		src\Hprose\Hprose.projitems*{3dc56b6f-c615-49b2-bb5f-5b46b5d4e2d8}*SharedItemsImports = 4
		src\System\System.projitems*{3dc56b6f-c615-49b2-bb5f-5b46b5d4e2d8}*SharedItemsImports = 4
		src\Hprose\Hprose.projitems*{3ec34e1e-daf5-4ca8-9dee-b1f81203663b}*SharedItemsImports = 4
		src\System\System.projitems*{3ec34e1e-daf5-4ca8-9dee-b1f81203663b}*SharedItemsImports = 4
		src\Hprose\Hprose.projitems*{48b521db-c345-415b-9e7b-82ff051a5d71}*SharedItemsImports = 13
		src\Hprose\Hprose.projitems*{4aace6f3-91e0-44ae-b4a6-85c69bc3b24d}*SharedItemsImports = 4
		src\System\System.projitems*{4aace6f3-91e0-44ae-b4a6-85c69bc3b24d}*SharedItemsImports = 4
		src\Hprose\Hprose.projitems*{4f359db6-9b45-4004-a568-790fb4ed7afc}*SharedItemsImports = 4
		src\System\System.projitems*{4f359db6-9b45-4004-a568-790fb4ed7afc}*SharedItemsImports = 4
		src\Hprose\Hprose.projitems*{5abdf719-6833-4154-a75b-0e3c83a66b2a}*SharedItemsImports = 4
		src\System\System.projitems*{5abdf719-6833-4154-a75b-0e3c83a66b2a}*SharedItemsImports = 4
		src\Hprose\Hprose.projitems*{73cd6a7b-1401-4d8c-9608-310b046926df}*SharedItemsImports = 4
		src\System\System.projitems*{73cd6a7b-1401-4d8c-9608-310b046926df}*SharedItemsImports = 4
		src\Hprose\Hprose.projitems*{86dd3957-f10d-433c-8cf8-83dc9284744c}*SharedItemsImports = 4
		src\System\System.projitems*{86dd3957-f10d-433c-8cf8-83dc9284744c}*SharedItemsImports = 4
		src\Hprose\Hprose.projitems*{8b609c3a-bb9d-4fdf-8d7e-ae4d258709ba}*SharedItemsImports = 4
		src\System\System.projitems*{8b609c3a-bb9d-4fdf-8d7e-ae4d258709ba}*SharedItemsImports = 4
		src\System\System.projitems*{8c426614-de9d-416b-9520-4ebc6ff804ec}*SharedItemsImports = 13
		src\Hprose\Hprose.projitems*{9eec3e9a-1750-41f8-a8c4-bac593daff33}*SharedItemsImports = 4
		src\System\System.projitems*{9eec3e9a-1750-41f8-a8c4-bac593daff33}*SharedItemsImports = 4
		src\Hprose\Hprose.projitems*{cfc2eb08-a6f1-40c2-9b67-bc40ee5be229}*SharedItemsImports = 4
		src\System\System.projitems*{cfc2eb08-a6f1-40c2-9b67-bc40ee5be229}*SharedItemsImports = 4
		src\Hprose\Hprose.projitems*{d32d5b6b-d75a-4a28-a179-7ccb79418f09}*SharedItemsImports = 4
		src\System\System.projitems*{d32d5b6b-d75a-4a28-a179-7ccb79418f09}*SharedItemsImports = 4
		src\Hprose\Hprose.projitems*{e1461d8b-444c-4cf8-99f8-fabdc41d309b}*SharedItemsImports = 4
		src\System\System.projitems*{e1461d8b-444c-4cf8-99f8-fabdc41d309b}*SharedItemsImports = 4
		src\Hprose\Hprose.projitems*{f5e378ca-c245-43e7-865a-23bc8c1a6383}*SharedItemsImports = 4
		src\System\System.projitems*{f5e378ca-c245-43e7-865a-23bc8c1a6383}*SharedItemsImports = 4
		src\Hprose\Hprose.projitems*{f968cdde-a10d-4194-9597-3045a1caf4ca}*SharedItemsImports = 4
		src\System\System.projitems*{f968cdde-a10d-4194-9597-3045a1caf4ca}*SharedItemsImports = 4
		src\Hprose\Hprose.projitems*{fcb740ee-1077-49c9-9281-c4e95d5116b0}*SharedItemsImports = 4
		src\System\System.projitems*{fcb740ee-1077-49c9-9281-c4e95d5116b0}*SharedItemsImports = 4
	EndGlobalSection
	GlobalSection(SolutionConfigurationPlatforms) = preSolution
		Debug|Any CPU = Debug|Any CPU
		Release|Any CPU = Release|Any CPU
	EndGlobalSection
	GlobalSection(ProjectConfigurationPlatforms) = postSolution
		{F968CDDE-A10D-4194-9597-3045A1CAF4CA}.Debug|Any CPU.ActiveCfg = Debug|Any CPU
		{F968CDDE-A10D-4194-9597-3045A1CAF4CA}.Debug|Any CPU.Build.0 = Debug|Any CPU
		{F968CDDE-A10D-4194-9597-3045A1CAF4CA}.Release|Any CPU.ActiveCfg = Release|Any CPU
		{F968CDDE-A10D-4194-9597-3045A1CAF4CA}.Release|Any CPU.Build.0 = Release|Any CPU
		{5ABDF719-6833-4154-A75B-0E3C83A66B2A}.Debug|Any CPU.ActiveCfg = Debug|Any CPU
		{5ABDF719-6833-4154-A75B-0E3C83A66B2A}.Debug|Any CPU.Build.0 = Debug|Any CPU
		{5ABDF719-6833-4154-A75B-0E3C83A66B2A}.Release|Any CPU.ActiveCfg = Release|Any CPU
		{5ABDF719-6833-4154-A75B-0E3C83A66B2A}.Release|Any CPU.Build.0 = Release|Any CPU
		{28D559FF-62B2-4D7E-922E-68322401FCE9}.Debug|Any CPU.ActiveCfg = Debug|Any CPU
		{28D559FF-62B2-4D7E-922E-68322401FCE9}.Debug|Any CPU.Build.0 = Debug|Any CPU
		{28D559FF-62B2-4D7E-922E-68322401FCE9}.Release|Any CPU.ActiveCfg = Release|Any CPU
		{28D559FF-62B2-4D7E-922E-68322401FCE9}.Release|Any CPU.Build.0 = Release|Any CPU
		{3404EE8C-AEAB-4383-A90B-2102BE6CBFC9}.Debug|Any CPU.ActiveCfg = Debug|Any CPU
		{3404EE8C-AEAB-4383-A90B-2102BE6CBFC9}.Debug|Any CPU.Build.0 = Debug|Any CPU
		{3404EE8C-AEAB-4383-A90B-2102BE6CBFC9}.Release|Any CPU.ActiveCfg = Release|Any CPU
		{3404EE8C-AEAB-4383-A90B-2102BE6CBFC9}.Release|Any CPU.Build.0 = Release|Any CPU
		{5F932A2B-AD48-4CFF-9F33-6B807484EA3D}.Debug|Any CPU.ActiveCfg = Debug|Any CPU
		{5F932A2B-AD48-4CFF-9F33-6B807484EA3D}.Debug|Any CPU.Build.0 = Debug|Any CPU
		{5F932A2B-AD48-4CFF-9F33-6B807484EA3D}.Release|Any CPU.ActiveCfg = Release|Any CPU
		{5F932A2B-AD48-4CFF-9F33-6B807484EA3D}.Release|Any CPU.Build.0 = Release|Any CPU
		{7B28BD03-0075-46F2-A2A6-5F5F8C1076CF}.Debug|Any CPU.ActiveCfg = Debug|Any CPU
		{7B28BD03-0075-46F2-A2A6-5F5F8C1076CF}.Debug|Any CPU.Build.0 = Debug|Any CPU
		{7B28BD03-0075-46F2-A2A6-5F5F8C1076CF}.Release|Any CPU.ActiveCfg = Release|Any CPU
		{7B28BD03-0075-46F2-A2A6-5F5F8C1076CF}.Release|Any CPU.Build.0 = Release|Any CPU
		{E1461D8B-444C-4CF8-99F8-FABDC41D309B}.Debug|Any CPU.ActiveCfg = Debug|Any CPU
		{E1461D8B-444C-4CF8-99F8-FABDC41D309B}.Debug|Any CPU.Build.0 = Debug|Any CPU
		{E1461D8B-444C-4CF8-99F8-FABDC41D309B}.Release|Any CPU.ActiveCfg = Release|Any CPU
		{E1461D8B-444C-4CF8-99F8-FABDC41D309B}.Release|Any CPU.Build.0 = Release|Any CPU
		{13D9DE83-F073-429D-82E4-709F013077BD}.Debug|Any CPU.ActiveCfg = Debug|Any CPU
		{13D9DE83-F073-429D-82E4-709F013077BD}.Debug|Any CPU.Build.0 = Debug|Any CPU
		{13D9DE83-F073-429D-82E4-709F013077BD}.Release|Any CPU.ActiveCfg = Release|Any CPU
		{13D9DE83-F073-429D-82E4-709F013077BD}.Release|Any CPU.Build.0 = Release|Any CPU
		{38F32CCD-E877-4E11-B5CC-E651B188F444}.Debug|Any CPU.ActiveCfg = Debug|Any CPU
		{38F32CCD-E877-4E11-B5CC-E651B188F444}.Debug|Any CPU.Build.0 = Debug|Any CPU
		{38F32CCD-E877-4E11-B5CC-E651B188F444}.Release|Any CPU.ActiveCfg = Release|Any CPU
		{38F32CCD-E877-4E11-B5CC-E651B188F444}.Release|Any CPU.Build.0 = Release|Any CPU
		{D32D5B6B-D75A-4A28-A179-7CCB79418F09}.Debug|Any CPU.ActiveCfg = Debug|Any CPU
		{D32D5B6B-D75A-4A28-A179-7CCB79418F09}.Debug|Any CPU.Build.0 = Debug|Any CPU
		{D32D5B6B-D75A-4A28-A179-7CCB79418F09}.Release|Any CPU.ActiveCfg = Release|Any CPU
		{D32D5B6B-D75A-4A28-A179-7CCB79418F09}.Release|Any CPU.Build.0 = Release|Any CPU
		{9EEC3E9A-1750-41F8-A8C4-BAC593DAFF33}.Debug|Any CPU.ActiveCfg = Debug|Any CPU
		{9EEC3E9A-1750-41F8-A8C4-BAC593DAFF33}.Debug|Any CPU.Build.0 = Debug|Any CPU
		{9EEC3E9A-1750-41F8-A8C4-BAC593DAFF33}.Release|Any CPU.ActiveCfg = Release|Any CPU
		{9EEC3E9A-1750-41F8-A8C4-BAC593DAFF33}.Release|Any CPU.Build.0 = Release|Any CPU
		{0EDB6534-1780-401F-B9E3-C24B24239835}.Debug|Any CPU.ActiveCfg = Debug|Any CPU
		{0EDB6534-1780-401F-B9E3-C24B24239835}.Debug|Any CPU.Build.0 = Debug|Any CPU
		{0EDB6534-1780-401F-B9E3-C24B24239835}.Release|Any CPU.ActiveCfg = Release|Any CPU
		{0EDB6534-1780-401F-B9E3-C24B24239835}.Release|Any CPU.Build.0 = Release|Any CPU
		{CFC2EB08-A6F1-40C2-9B67-BC40EE5BE229}.Debug|Any CPU.ActiveCfg = Debug|Any CPU
		{CFC2EB08-A6F1-40C2-9B67-BC40EE5BE229}.Debug|Any CPU.Build.0 = Debug|Any CPU
		{CFC2EB08-A6F1-40C2-9B67-BC40EE5BE229}.Release|Any CPU.ActiveCfg = Release|Any CPU
		{CFC2EB08-A6F1-40C2-9B67-BC40EE5BE229}.Release|Any CPU.Build.0 = Release|Any CPU
		{8B609C3A-BB9D-4FDF-8D7E-AE4D258709BA}.Debug|Any CPU.ActiveCfg = Debug|Any CPU
		{8B609C3A-BB9D-4FDF-8D7E-AE4D258709BA}.Debug|Any CPU.Build.0 = Debug|Any CPU
		{8B609C3A-BB9D-4FDF-8D7E-AE4D258709BA}.Release|Any CPU.ActiveCfg = Release|Any CPU
		{8B609C3A-BB9D-4FDF-8D7E-AE4D258709BA}.Release|Any CPU.Build.0 = Release|Any CPU
		{36254FA2-A437-41EE-AFC3-E2F2BAC124E6}.Debug|Any CPU.ActiveCfg = Debug|Any CPU
		{36254FA2-A437-41EE-AFC3-E2F2BAC124E6}.Debug|Any CPU.Build.0 = Debug|Any CPU
		{36254FA2-A437-41EE-AFC3-E2F2BAC124E6}.Release|Any CPU.ActiveCfg = Release|Any CPU
		{36254FA2-A437-41EE-AFC3-E2F2BAC124E6}.Release|Any CPU.Build.0 = Release|Any CPU
		{4F359DB6-9B45-4004-A568-790FB4ED7AFC}.Debug|Any CPU.ActiveCfg = Debug|Any CPU
		{4F359DB6-9B45-4004-A568-790FB4ED7AFC}.Debug|Any CPU.Build.0 = Debug|Any CPU
		{4F359DB6-9B45-4004-A568-790FB4ED7AFC}.Release|Any CPU.ActiveCfg = Release|Any CPU
		{4F359DB6-9B45-4004-A568-790FB4ED7AFC}.Release|Any CPU.Build.0 = Release|Any CPU
		{3EC34E1E-DAF5-4CA8-9DEE-B1F81203663B}.Debug|Any CPU.ActiveCfg = Debug|Any CPU
		{3EC34E1E-DAF5-4CA8-9DEE-B1F81203663B}.Debug|Any CPU.Build.0 = Debug|Any CPU
		{3EC34E1E-DAF5-4CA8-9DEE-B1F81203663B}.Release|Any CPU.ActiveCfg = Release|Any CPU
		{3EC34E1E-DAF5-4CA8-9DEE-B1F81203663B}.Release|Any CPU.Build.0 = Release|Any CPU
		{73CD6A7B-1401-4D8C-9608-310B046926DF}.Debug|Any CPU.ActiveCfg = Debug|Any CPU
		{73CD6A7B-1401-4D8C-9608-310B046926DF}.Debug|Any CPU.Build.0 = Debug|Any CPU
		{73CD6A7B-1401-4D8C-9608-310B046926DF}.Release|Any CPU.ActiveCfg = Release|Any CPU
		{73CD6A7B-1401-4D8C-9608-310B046926DF}.Release|Any CPU.Build.0 = Release|Any CPU
		{10A83737-6B67-41B1-960F-F11661CDF779}.Debug|Any CPU.ActiveCfg = Debug|Any CPU
		{10A83737-6B67-41B1-960F-F11661CDF779}.Debug|Any CPU.Build.0 = Debug|Any CPU
		{10A83737-6B67-41B1-960F-F11661CDF779}.Release|Any CPU.ActiveCfg = Release|Any CPU
		{10A83737-6B67-41B1-960F-F11661CDF779}.Release|Any CPU.Build.0 = Release|Any CPU
		{F5E378CA-C245-43E7-865A-23BC8C1A6383}.Debug|Any CPU.ActiveCfg = Debug|Any CPU
		{F5E378CA-C245-43E7-865A-23BC8C1A6383}.Debug|Any CPU.Build.0 = Debug|Any CPU
		{F5E378CA-C245-43E7-865A-23BC8C1A6383}.Release|Any CPU.ActiveCfg = Release|Any CPU
		{F5E378CA-C245-43E7-865A-23BC8C1A6383}.Release|Any CPU.Build.0 = Release|Any CPU
		{3DC56B6F-C615-49B2-BB5F-5B46B5D4E2D8}.Debug|Any CPU.ActiveCfg = Debug|Any CPU
		{3DC56B6F-C615-49B2-BB5F-5B46B5D4E2D8}.Debug|Any CPU.Build.0 = Debug|Any CPU
		{3DC56B6F-C615-49B2-BB5F-5B46B5D4E2D8}.Release|Any CPU.ActiveCfg = Release|Any CPU
		{3DC56B6F-C615-49B2-BB5F-5B46B5D4E2D8}.Release|Any CPU.Build.0 = Release|Any CPU
		{4AACE6F3-91E0-44AE-B4A6-85C69BC3B24D}.Debug|Any CPU.ActiveCfg = Debug|Any CPU
		{4AACE6F3-91E0-44AE-B4A6-85C69BC3B24D}.Debug|Any CPU.Build.0 = Debug|Any CPU
		{4AACE6F3-91E0-44AE-B4A6-85C69BC3B24D}.Release|Any CPU.ActiveCfg = Release|Any CPU
		{4AACE6F3-91E0-44AE-B4A6-85C69BC3B24D}.Release|Any CPU.Build.0 = Release|Any CPU
		{2875A185-EE3E-4584-B85E-01AFFAB5CE8D}.Debug|Any CPU.ActiveCfg = Debug|Any CPU
		{2875A185-EE3E-4584-B85E-01AFFAB5CE8D}.Debug|Any CPU.Build.0 = Debug|Any CPU
		{2875A185-EE3E-4584-B85E-01AFFAB5CE8D}.Release|Any CPU.ActiveCfg = Release|Any CPU
		{2875A185-EE3E-4584-B85E-01AFFAB5CE8D}.Release|Any CPU.Build.0 = Release|Any CPU
		{FCB740EE-1077-49C9-9281-C4E95D5116B0}.Debug|Any CPU.ActiveCfg = Debug|Any CPU
		{FCB740EE-1077-49C9-9281-C4E95D5116B0}.Debug|Any CPU.Build.0 = Debug|Any CPU
		{FCB740EE-1077-49C9-9281-C4E95D5116B0}.Release|Any CPU.ActiveCfg = Release|Any CPU
		{FCB740EE-1077-49C9-9281-C4E95D5116B0}.Release|Any CPU.Build.0 = Release|Any CPU
		{86DD3957-F10D-433C-8CF8-83DC9284744C}.Debug|Any CPU.ActiveCfg = Debug|Any CPU
		{86DD3957-F10D-433C-8CF8-83DC9284744C}.Debug|Any CPU.Build.0 = Debug|Any CPU
		{86DD3957-F10D-433C-8CF8-83DC9284744C}.Release|Any CPU.ActiveCfg = Release|Any CPU
		{86DD3957-F10D-433C-8CF8-83DC9284744C}.Release|Any CPU.Build.0 = Release|Any CPU
		{352DAAA0-C2E4-42A6-8F99-3055885F3909}.Debug|Any CPU.ActiveCfg = Debug|Any CPU
		{352DAAA0-C2E4-42A6-8F99-3055885F3909}.Debug|Any CPU.Build.0 = Debug|Any CPU
		{352DAAA0-C2E4-42A6-8F99-3055885F3909}.Release|Any CPU.ActiveCfg = Release|Any CPU
		{352DAAA0-C2E4-42A6-8F99-3055885F3909}.Release|Any CPU.Build.0 = Release|Any CPU
		{6CE6F190-EB62-49DE-9D6F-00E1ABC5CF1B}.Debug|Any CPU.ActiveCfg = Debug|Any CPU
		{6CE6F190-EB62-49DE-9D6F-00E1ABC5CF1B}.Debug|Any CPU.Build.0 = Debug|Any CPU
		{6CE6F190-EB62-49DE-9D6F-00E1ABC5CF1B}.Release|Any CPU.ActiveCfg = Release|Any CPU
		{6CE6F190-EB62-49DE-9D6F-00E1ABC5CF1B}.Release|Any CPU.Build.0 = Release|Any CPU
		{B6ED1F41-E2C9-4CEF-8F04-F9445A988C1D}.Debug|Any CPU.ActiveCfg = Debug|Any CPU
		{B6ED1F41-E2C9-4CEF-8F04-F9445A988C1D}.Debug|Any CPU.Build.0 = Debug|Any CPU
		{B6ED1F41-E2C9-4CEF-8F04-F9445A988C1D}.Release|Any CPU.ActiveCfg = Release|Any CPU
		{B6ED1F41-E2C9-4CEF-8F04-F9445A988C1D}.Release|Any CPU.Build.0 = Release|Any CPU
	EndGlobalSection
	GlobalSection(SolutionProperties) = preSolution
		HideSolutionNode = FALSE
	EndGlobalSection
	GlobalSection(NestedProjects) = preSolution
		{E13D8C4D-D152-4617-AA8F-6341F8444CB2} = {5E8EDEFC-B111-4B9E-BB85-E56B19401958}
		{C7B97518-413D-40E1-81BF-74F5BF02C450} = {5E8EDEFC-B111-4B9E-BB85-E56B19401958}
		{65D9482F-8F65-4B96-A048-CD360CCA5D6B} = {5E8EDEFC-B111-4B9E-BB85-E56B19401958}
		{48B521DB-C345-415B-9E7B-82FF051A5D71} = {FDED02A5-69A4-4F3E-9F5A-474A3F84AC7D}
		{8C426614-DE9D-416B-9520-4EBC6FF804EC} = {FDED02A5-69A4-4F3E-9F5A-474A3F84AC7D}
		{715A621C-518A-46AF-A275-39BD7453C060} = {5E8EDEFC-B111-4B9E-BB85-E56B19401958}
		{4D150F70-48EC-4CE3-8E1D-4B03BA69A842} = {5E8EDEFC-B111-4B9E-BB85-E56B19401958}
		{DC9D224E-D62B-45F4-A63D-32129910E409} = {5E8EDEFC-B111-4B9E-BB85-E56B19401958}
		{04E1CEA3-159F-4D7E-8F89-49423B9BFD53} = {5E8EDEFC-B111-4B9E-BB85-E56B19401958}
		{F968CDDE-A10D-4194-9597-3045A1CAF4CA} = {E13D8C4D-D152-4617-AA8F-6341F8444CB2}
		{5ABDF719-6833-4154-A75B-0E3C83A66B2A} = {E13D8C4D-D152-4617-AA8F-6341F8444CB2}
		{9A90D0C5-5C8F-494C-B008-4924175F1C21} = {5E8EDEFC-B111-4B9E-BB85-E56B19401958}
		{28D559FF-62B2-4D7E-922E-68322401FCE9} = {9A90D0C5-5C8F-494C-B008-4924175F1C21}
		{3404EE8C-AEAB-4383-A90B-2102BE6CBFC9} = {9A90D0C5-5C8F-494C-B008-4924175F1C21}
		{20E4F0C5-C643-4819-B4FD-CBB6AB6BDC5A} = {5E8EDEFC-B111-4B9E-BB85-E56B19401958}
		{5F932A2B-AD48-4CFF-9F33-6B807484EA3D} = {20E4F0C5-C643-4819-B4FD-CBB6AB6BDC5A}
		{7B28BD03-0075-46F2-A2A6-5F5F8C1076CF} = {20E4F0C5-C643-4819-B4FD-CBB6AB6BDC5A}
		{E1461D8B-444C-4CF8-99F8-FABDC41D309B} = {C7B97518-413D-40E1-81BF-74F5BF02C450}
		{13D9DE83-F073-429D-82E4-709F013077BD} = {C7B97518-413D-40E1-81BF-74F5BF02C450}
		{E4071296-6AA6-4A3F-B9FA-AB0F2AB93355} = {5E8EDEFC-B111-4B9E-BB85-E56B19401958}
		{38F32CCD-E877-4E11-B5CC-E651B188F444} = {E4071296-6AA6-4A3F-B9FA-AB0F2AB93355}
		{D32D5B6B-D75A-4A28-A179-7CCB79418F09} = {E4071296-6AA6-4A3F-B9FA-AB0F2AB93355}
		{9EEC3E9A-1750-41F8-A8C4-BAC593DAFF33} = {65D9482F-8F65-4B96-A048-CD360CCA5D6B}
		{0EDB6534-1780-401F-B9E3-C24B24239835} = {65D9482F-8F65-4B96-A048-CD360CCA5D6B}
		{A9E09410-799F-477D-923B-63CA110AAC19} = {5E8EDEFC-B111-4B9E-BB85-E56B19401958}
		{CEA40417-E2B0-4CCA-983F-7141B4BC1B35} = {5E8EDEFC-B111-4B9E-BB85-E56B19401958}
		{CFC2EB08-A6F1-40C2-9B67-BC40EE5BE229} = {CEA40417-E2B0-4CCA-983F-7141B4BC1B35}
		{8B609C3A-BB9D-4FDF-8D7E-AE4D258709BA} = {CEA40417-E2B0-4CCA-983F-7141B4BC1B35}
		{939C94D6-F579-4EBA-9BB7-634C508BA8BE} = {5E8EDEFC-B111-4B9E-BB85-E56B19401958}
		{82B380A7-9D50-4FE3-BACD-2C762D47516C} = {5E8EDEFC-B111-4B9E-BB85-E56B19401958}
		{36254FA2-A437-41EE-AFC3-E2F2BAC124E6} = {82B380A7-9D50-4FE3-BACD-2C762D47516C}
		{4F359DB6-9B45-4004-A568-790FB4ED7AFC} = {82B380A7-9D50-4FE3-BACD-2C762D47516C}
		{17B3E670-4A3D-4BE1-84FC-7F6DC4815F50} = {5E8EDEFC-B111-4B9E-BB85-E56B19401958}
		{77674528-2AFD-419C-A3C3-D79DB42D840B} = {5E8EDEFC-B111-4B9E-BB85-E56B19401958}
		{402134B4-228E-43C4-BF7E-26FB5975F87B} = {5E8EDEFC-B111-4B9E-BB85-E56B19401958}
		{3EC34E1E-DAF5-4CA8-9DEE-B1F81203663B} = {17B3E670-4A3D-4BE1-84FC-7F6DC4815F50}
		{73CD6A7B-1401-4D8C-9608-310B046926DF} = {17B3E670-4A3D-4BE1-84FC-7F6DC4815F50}
		{10A83737-6B67-41B1-960F-F11661CDF779} = {77674528-2AFD-419C-A3C3-D79DB42D840B}
		{F5E378CA-C245-43E7-865A-23BC8C1A6383} = {77674528-2AFD-419C-A3C3-D79DB42D840B}
		{3DC56B6F-C615-49B2-BB5F-5B46B5D4E2D8} = {402134B4-228E-43C4-BF7E-26FB5975F87B}
		{4AACE6F3-91E0-44AE-B4A6-85C69BC3B24D} = {402134B4-228E-43C4-BF7E-26FB5975F87B}
		{2875A185-EE3E-4584-B85E-01AFFAB5CE8D} = {DC9D224E-D62B-45F4-A63D-32129910E409}
		{FCB740EE-1077-49C9-9281-C4E95D5116B0} = {DC9D224E-D62B-45F4-A63D-32129910E409}
		{86DD3957-F10D-433C-8CF8-83DC9284744C} = {04E1CEA3-159F-4D7E-8F89-49423B9BFD53}
		{352DAAA0-C2E4-42A6-8F99-3055885F3909} = {04E1CEA3-159F-4D7E-8F89-49423B9BFD53}
		{672C2D56-01C1-4972-A661-406A9E55C0FF} = {5E8EDEFC-B111-4B9E-BB85-E56B19401958}
		{6CC614E1-AD5A-4EC0-BD79-5C7C1D16BC98} = {5E8EDEFC-B111-4B9E-BB85-E56B19401958}
		{CAED7828-5E6B-4F33-BCCE-C5A55F108976} = {5E8EDEFC-B111-4B9E-BB85-E56B19401958}
		{9910F393-0E26-427E-B7A2-5AE13115752A} = {5E8EDEFC-B111-4B9E-BB85-E56B19401958}
		{66072FD5-7954-47AE-B0A7-F64A16AB089D} = {5E8EDEFC-B111-4B9E-BB85-E56B19401958}
		{14C0E3FA-08D8-4EA9-8B84-04708ADC0598} = {5E8EDEFC-B111-4B9E-BB85-E56B19401958}
		{605F09D9-6DBB-4D62-8159-D197CFF1DE3C} = {5E8EDEFC-B111-4B9E-BB85-E56B19401958}
		{E650F66E-0F80-4F4E-A2A7-6F8A201F3BB3} = {5E8EDEFC-B111-4B9E-BB85-E56B19401958}
		{B30599D9-AB55-4CBC-A14F-CF5A42F92F77} = {5E8EDEFC-B111-4B9E-BB85-E56B19401958}
		{549E570A-9B28-4C94-BB03-86462994F405} = {5E8EDEFC-B111-4B9E-BB85-E56B19401958}
		{364C224C-5AF9-4181-9D64-489D167D9754} = {5E8EDEFC-B111-4B9E-BB85-E56B19401958}
		{231A6DEF-4944-4299-A851-E759A8D448C9} = {5E8EDEFC-B111-4B9E-BB85-E56B19401958}
		{74D81BBE-E79C-4D35-8055-89693599AAC2} = {5E8EDEFC-B111-4B9E-BB85-E56B19401958}
		{8193B880-87C8-47E8-9D41-89959FC499B3} = {5E8EDEFC-B111-4B9E-BB85-E56B19401958}
		{E6248773-7DFA-4791-A130-5E6B49D3662A} = {5E8EDEFC-B111-4B9E-BB85-E56B19401958}
		{FFB0D695-A80E-42F4-A5EE-3397B8CE082C} = {5E8EDEFC-B111-4B9E-BB85-E56B19401958}
		{8A3CF26A-D57D-4998-972A-37DF84FE3D86} = {5E8EDEFC-B111-4B9E-BB85-E56B19401958}
		{E5388F9B-8D1D-424D-ACF1-1A5F970D7B95} = {5E8EDEFC-B111-4B9E-BB85-E56B19401958}
		{52611F72-E6AB-4287-A20A-689DE9FBA368} = {5E8EDEFC-B111-4B9E-BB85-E56B19401958}
		{CC34D2E9-1D7A-4FA6-A60E-1CFF0DE9A70F} = {5E8EDEFC-B111-4B9E-BB85-E56B19401958}
		{5A2F18A3-7E8E-41E2-A6A8-A73BFE224A5A} = {5E8EDEFC-B111-4B9E-BB85-E56B19401958}
		{B4DBD899-BEEB-42C8-9DB2-86125AE813E9} = {5E8EDEFC-B111-4B9E-BB85-E56B19401958}
		{E0A8043E-052D-4193-9E18-D749690106C4} = {5E8EDEFC-B111-4B9E-BB85-E56B19401958}
		{6CE6F190-EB62-49DE-9D6F-00E1ABC5CF1B} = {715A621C-518A-46AF-A275-39BD7453C060}
		{B6ED1F41-E2C9-4CEF-8F04-F9445A988C1D} = {715A621C-518A-46AF-A275-39BD7453C060}
		{467E3B58-92BC-48C0-A574-58E53D3DF24D} = {5E8EDEFC-B111-4B9E-BB85-E56B19401958}
		{37C31CFB-33F6-4368-95E3-0BB6EA2F5DB9} = {467E3B58-92BC-48C0-A574-58E53D3DF24D}
		{838D35D2-78F1-490A-B6C1-EC0D5D2C06B1} = {467E3B58-92BC-48C0-A574-58E53D3DF24D}
		{14A475B9-0DB2-494E-9F2C-88B9ECA2311B} = {467E3B58-92BC-48C0-A574-58E53D3DF24D}
		{1F874B35-0940-4505-BFD7-CC0846B7E2EC} = {467E3B58-92BC-48C0-A574-58E53D3DF24D}
		{083E8F40-73F6-41C4-BB7C-F024248032AF} = {467E3B58-92BC-48C0-A574-58E53D3DF24D}
		{E35531CB-7592-4B8E-B60C-CBB9EF9E11C0} = {467E3B58-92BC-48C0-A574-58E53D3DF24D}
		{FCB4CB13-4660-43A2-A41C-AA63B201F853} = {467E3B58-92BC-48C0-A574-58E53D3DF24D}
		{8770327B-5AE2-45FF-997B-37FF789CCD7C} = {467E3B58-92BC-48C0-A574-58E53D3DF24D}
		{582A75EA-7A55-4CE5-B574-064B51563412} = {467E3B58-92BC-48C0-A574-58E53D3DF24D}
		{E46C7FF4-6AC9-4B17-BEA7-1CB29A0CCB47} = {467E3B58-92BC-48C0-A574-58E53D3DF24D}
		{CE22292F-5FAF-4463-881A-FCDBD9BE89AD} = {467E3B58-92BC-48C0-A574-58E53D3DF24D}
		{C59EFE0D-AA6B-4866-B0E3-CBADDE093302} = {467E3B58-92BC-48C0-A574-58E53D3DF24D}
		{A4E9FE18-A2CE-42D3-A8CF-B94342DF6675} = {467E3B58-92BC-48C0-A574-58E53D3DF24D}
		{89FDC945-2290-4BC5-A935-EBF4D4E6E003} = {467E3B58-92BC-48C0-A574-58E53D3DF24D}
		{DE62DE7E-457A-4E2A-8C23-1E5DBFE5E132} = {467E3B58-92BC-48C0-A574-58E53D3DF24D}
		{AEA12C63-72FC-460A-A4DC-8A9FF6F4CF34} = {467E3B58-92BC-48C0-A574-58E53D3DF24D}
		{BB6E291E-946C-4D8A-893A-CBDD6CCA9B98} = {467E3B58-92BC-48C0-A574-58E53D3DF24D}
		{444F1ACF-73B7-4361-8600-98ACE714211B} = {467E3B58-92BC-48C0-A574-58E53D3DF24D}
		{72863955-94DF-4B40-8897-1737F53CC499} = {467E3B58-92BC-48C0-A574-58E53D3DF24D}
		{9375BC19-FA2C-48DA-91E4-EA54E0C96200} = {467E3B58-92BC-48C0-A574-58E53D3DF24D}
		{FDE94895-CDC5-48CE-BA35-EB69FE298E21} = {467E3B58-92BC-48C0-A574-58E53D3DF24D}
		{7E2C4A47-E923-4EAB-9987-868DB0A3EE45} = {467E3B58-92BC-48C0-A574-58E53D3DF24D}
		{422D7FCD-040C-407E-857B-D9CC5E765BC4} = {467E3B58-92BC-48C0-A574-58E53D3DF24D}
		{6172CF6B-6E0C-49AB-B933-B9A833919015} = {467E3B58-92BC-48C0-A574-58E53D3DF24D}
		{96F9F144-9BA6-43FB-BFAD-AAB902A3D734} = {467E3B58-92BC-48C0-A574-58E53D3DF24D}
		{005775B8-4A43-4CCE-93BE-5D25F5C39298} = {467E3B58-92BC-48C0-A574-58E53D3DF24D}
		{C753ECF9-950F-48AD-B1A2-7E211CA506E8} = {467E3B58-92BC-48C0-A574-58E53D3DF24D}
		{7DDB4152-DA62-41EF-B48B-A3F96C68AF1C} = {467E3B58-92BC-48C0-A574-58E53D3DF24D}
		{F566D134-B66B-4789-BED3-942E6DB0BAB3} = {467E3B58-92BC-48C0-A574-58E53D3DF24D}
		{332BAEBB-9062-4BE1-9E9F-FCE17F105CD8} = {467E3B58-92BC-48C0-A574-58E53D3DF24D}
		{981AE83F-81BD-4A82-A200-215B031D3B88} = {467E3B58-92BC-48C0-A574-58E53D3DF24D}
		{75E23523-1DC6-4FCF-9596-55E08ED55634} = {467E3B58-92BC-48C0-A574-58E53D3DF24D}
		{2458E2A4-6A28-41D7-B084-03612CAB2912} = {467E3B58-92BC-48C0-A574-58E53D3DF24D}
		{B20C418A-C217-4667-8239-6D430E67CCCF} = {467E3B58-92BC-48C0-A574-58E53D3DF24D}
		{82C2087E-9F11-4EE6-9897-286C775E7FAB} = {467E3B58-92BC-48C0-A574-58E53D3DF24D}
		{691E31E1-CD0B-47F3-BC2E-1CAAE49BC966} = {467E3B58-92BC-48C0-A574-58E53D3DF24D}
		{EDC8DA41-598B-4DBA-A081-C1396877AB08} = {467E3B58-92BC-48C0-A574-58E53D3DF24D}
		{CB17CC21-1605-4A7A-9CBF-DF89A99F41ED} = {467E3B58-92BC-48C0-A574-58E53D3DF24D}
		{6A4EAD02-F6E8-4AD7-8146-6F7DE2CFEA52} = {467E3B58-92BC-48C0-A574-58E53D3DF24D}
		{271CE50E-97EC-4658-AFE7-B031E6383BF0} = {467E3B58-92BC-48C0-A574-58E53D3DF24D}
	EndGlobalSection
EndGlobal
