
Microsoft Visual Studio Solution File, Format Version 10.00
# Visual Studio 2008
Project("{FAE04EC0-301F-11D3-BF4B-00C04F79EFBC}") = "Hprose-netcf", "proj\netcf\Hprose\Hprose-netcf.csproj", "{28285097-2F1A-4BA0-BB3D-C6D57629F86E}"
EndProject
Project("{FAE04EC0-301F-11D3-BF4B-00C04F79EFBC}") = "Hprose.Client-netcf", "proj\netcf\Hprose.Client\Hprose.Client-netcf.csproj", "{E92CEDD3-00D2-4519-96F6-D80D978E4A68}"
EndProject
Global
	GlobalSection(SolutionConfigurationPlatforms) = preSolution
		Debug|Any CPU = Debug|Any CPU
		Release|Any CPU = Release|Any CPU
	EndGlobalSection
	GlobalSection(ProjectConfigurationPlatforms) = postSolution
		{28285097-2F1A-4BA0-BB3D-C6D57629F86E}.Debug|Any CPU.ActiveCfg = Debug|Any CPU
		{28285097-2F1A-4BA0-BB3D-C6D57629F86E}.Debug|Any CPU.Build.0 = Debug|Any CPU
		{28285097-2F1A-4BA0-BB3D-C6D57629F86E}.Release|Any CPU.ActiveCfg = Release|Any CPU
		{28285097-2F1A-4BA0-BB3D-C6D57629F86E}.Release|Any CPU.Build.0 = Release|Any CPU
		{E92CEDD3-00D2-4519-96F6-D80D978E4A68}.Debug|Any CPU.ActiveCfg = Debug|Any CPU
		{E92CEDD3-00D2-4519-96F6-D80D978E4A68}.Debug|Any CPU.Build.0 = Debug|Any CPU
		{E92CEDD3-00D2-4519-96F6-D80D978E4A68}.Release|Any CPU.ActiveCfg = Release|Any CPU
		{E92CEDD3-00D2-4519-96F6-D80D978E4A68}.Release|Any CPU.Build.0 = Release|Any CPU
	EndGlobalSection
	GlobalSection(SolutionProperties) = preSolution
		HideSolutionNode = FALSE
	EndGlobalSection
EndGlobal
