
Microsoft Visual Studio Solution File, Format Version 12.00
# Visual Studio 14
VisualStudioVersion = 14.0.25420.1
MinimumVisualStudioVersion = 10.0.40219.1
Project("{2150E333-8FDC-42A3-9474-1A3956D46DE8}") = "net20", "net20", "{E13D8C4D-D152-4617-AA8F-6341F8444CB2}"
EndProject
Project("{2150E333-8FDC-42A3-9474-1A3956D46DE8}") = "net40", "net40", "{C7B97518-413D-40E1-81BF-74F5BF02C450}"
EndProject
Project("{2150E333-8FDC-42A3-9474-1A3956D46DE8}") = "net45", "net45", "{65D9482F-8F65-4B96-A048-CD360CCA5D6B}"
EndProject
Project("{2150E333-8FDC-42A3-9474-1A3956D46DE8}") = "proj", "proj", "{5E8EDEFC-B111-4B9E-BB85-E56B19401958}"
EndProject
Project("{2150E333-8FDC-42A3-9474-1A3956D46DE8}") = "src", "src", "{FDED02A5-69A4-4F3E-9F5A-474A3F84AC7D}"
EndProject
Project("{D954291E-2A0B-460D-934E-DC6B0785DB48}") = "Hprose", "src\Hprose\Hprose.shproj", "{48B521DB-C345-415B-9E7B-82FF051A5D71}"
EndProject
Project("{D954291E-2A0B-460D-934E-DC6B0785DB48}") = "System", "src\System\System.shproj", "{8C426614-DE9D-416B-9520-4EBC6FF804EC}"
EndProject
Project("{2150E333-8FDC-42A3-9474-1A3956D46DE8}") = "netmf", "netmf", "{715A621C-518A-46AF-A275-39BD7453C060}"
EndProject
Project("{2150E333-8FDC-42A3-9474-1A3956D46DE8}") = "netstandard1.0", "netstandard1.0", "{1F62F6C2-3043-4073-B325-B97F4865D55E}"
EndProject
Project("{2150E333-8FDC-42A3-9474-1A3956D46DE8}") = "sl4", "sl4", "{4D150F70-48EC-4CE3-8E1D-4B03BA69A842}"
EndProject
Project("{2150E333-8FDC-42A3-9474-1A3956D46DE8}") = "monoandroid", "monoandroid", "{DC9D224E-D62B-45F4-A63D-32129910E409}"
EndProject
Project("{2150E333-8FDC-42A3-9474-1A3956D46DE8}") = "xamarinios", "xamarinios", "{04E1CEA3-159F-4D7E-8F89-49423B9BFD53}"
EndProject
Global
	GlobalSection(SharedMSBuildProjectFiles) = preSolution
		src\Hprose\Hprose.projitems*{48b521db-c345-415b-9e7b-82ff051a5d71}*SharedItemsImports = 13
		src\System\System.projitems*{8c426614-de9d-416b-9520-4ebc6ff804ec}*SharedItemsImports = 13
	EndGlobalSection
	GlobalSection(SolutionConfigurationPlatforms) = preSolution
		Debug|Any CPU = Debug|Any CPU
		Release|Any CPU = Release|Any CPU
	EndGlobalSection
	GlobalSection(SolutionProperties) = preSolution
		HideSolutionNode = FALSE
	EndGlobalSection
	GlobalSection(NestedProjects) = preSolution
		{E13D8C4D-D152-4617-AA8F-6341F8444CB2} = {5E8EDEFC-B111-4B9E-BB85-E56B19401958}
		{C7B97518-413D-40E1-81BF-74F5BF02C450} = {5E8EDEFC-B111-4B9E-BB85-E56B19401958}
		{65D9482F-8F65-4B96-A048-CD360CCA5D6B} = {5E8EDEFC-B111-4B9E-BB85-E56B19401958}
		{48B521DB-C345-415B-9E7B-82FF051A5D71} = {FDED02A5-69A4-4F3E-9F5A-474A3F84AC7D}
		{8C426614-DE9D-416B-9520-4EBC6FF804EC} = {FDED02A5-69A4-4F3E-9F5A-474A3F84AC7D}
		{715A621C-518A-46AF-A275-39BD7453C060} = {5E8EDEFC-B111-4B9E-BB85-E56B19401958}
		{1F62F6C2-3043-4073-B325-B97F4865D55E} = {5E8EDEFC-B111-4B9E-BB85-E56B19401958}
		{4D150F70-48EC-4CE3-8E1D-4B03BA69A842} = {5E8EDEFC-B111-4B9E-BB85-E56B19401958}
		{DC9D224E-D62B-45F4-A63D-32129910E409} = {5E8EDEFC-B111-4B9E-BB85-E56B19401958}
		{04E1CEA3-159F-4D7E-8F89-49423B9BFD53} = {5E8EDEFC-B111-4B9E-BB85-E56B19401958}
	EndGlobalSection
EndGlobal
