
Microsoft Visual Studio Solution File, Format Version 12.00
# Visual Studio 15
VisualStudioVersion = 15.0.28307.438
MinimumVisualStudioVersion = 10.0.40219.1
Project("{9A19103F-16F7-4668-BE54-9A1E7A4F7556}") = "Log", "Log\Log.csproj", "{EB8B5628-8DCA-43A8-B55B-2717DBC53CEE}"
EndProject
Project("{9A19103F-16F7-4668-BE54-9A1E7A4F7556}") = "Oneway", "Oneway\Oneway.csproj", "{CDEE676A-7E25-46CB-8556-A08CF55E6D76}"
EndProject
Project("{9A19103F-16F7-4668-BE54-9A1E7A4F7556}") = "Limiter", "Limiter\Limiter.csproj", "{A338FE56-B1DC-485C-866B-0E9E8ADA4F0B}"
EndProject
Global
	GlobalSection(SolutionConfigurationPlatforms) = preSolution
		Debug|Any CPU = Debug|Any CPU
		Release|Any CPU = Release|Any CPU
	EndGlobalSection
	GlobalSection(ProjectConfigurationPlatforms) = postSolution
		{EB8B5628-8DCA-43A8-B55B-2717DBC53CEE}.Debug|Any CPU.ActiveCfg = Debug|Any CPU
		{EB8B5628-8DCA-43A8-B55B-2717DBC53CEE}.Debug|Any CPU.Build.0 = Debug|Any CPU
		{EB8B5628-8DCA-43A8-B55B-2717DBC53CEE}.Release|Any CPU.ActiveCfg = Release|Any CPU
		{EB8B5628-8DCA-43A8-B55B-2717DBC53CEE}.Release|Any CPU.Build.0 = Release|Any CPU
		{CDEE676A-7E25-46CB-8556-A08CF55E6D76}.Debug|Any CPU.ActiveCfg = Debug|Any CPU
		{CDEE676A-7E25-46CB-8556-A08CF55E6D76}.Debug|Any CPU.Build.0 = Debug|Any CPU
		{CDEE676A-7E25-46CB-8556-A08CF55E6D76}.Release|Any CPU.ActiveCfg = Release|Any CPU
		{CDEE676A-7E25-46CB-8556-A08CF55E6D76}.Release|Any CPU.Build.0 = Release|Any CPU
		{A338FE56-B1DC-485C-866B-0E9E8ADA4F0B}.Debug|Any CPU.ActiveCfg = Debug|Any CPU
		{A338FE56-B1DC-485C-866B-0E9E8ADA4F0B}.Debug|Any CPU.Build.0 = Debug|Any CPU
		{A338FE56-B1DC-485C-866B-0E9E8ADA4F0B}.Release|Any CPU.ActiveCfg = Release|Any CPU
		{A338FE56-B1DC-485C-866B-0E9E8ADA4F0B}.Release|Any CPU.Build.0 = Release|Any CPU
	EndGlobalSection
	GlobalSection(SolutionProperties) = preSolution
		HideSolutionNode = FALSE
	EndGlobalSection
	GlobalSection(ExtensibilityGlobals) = postSolution
		SolutionGuid = {19ECB852-83EC-4ABB-A011-DA46361F1F3D}
	EndGlobalSection
EndGlobal
